
Microsoft Visual Studio Solution File, Format Version 12.00
# Visual Studio Version 17
VisualStudioVersion = 17.11.35327.3
MinimumVisualStudioVersion = 10.0.40219.1
Project("{FAE04EC0-301F-11D3-BF4B-00C04F79EFBC}") = "AttendanceAPI", "AttendanceAPI\AttendanceAPI.csproj", "{80AB6512-C7D2-440C-A1CF-3587103D9E99}"
EndProject
Global
	GlobalSection(SolutionConfigurationPlatforms) = preSolution
		Debug|Any CPU = Debug|Any CPU
		Release|Any CPU = Release|Any CPU
	EndGlobalSection
	GlobalSection(ProjectConfigurationPlatforms) = postSolution
		{80AB6512-C7D2-440C-A1CF-3587103D9E99}.Debug|Any CPU.ActiveCfg = Debug|Any CPU
		{80AB6512-C7D2-440C-A1CF-3587103D9E99}.Debug|Any CPU.Build.0 = Debug|Any CPU
		{80AB6512-C7D2-440C-A1CF-3587103D9E99}.Release|Any CPU.ActiveCfg = Release|Any CPU
		{80AB6512-C7D2-440C-A1CF-3587103D9E99}.Release|Any CPU.Build.0 = Release|Any CPU
	EndGlobalSection
	GlobalSection(SolutionProperties) = preSolution
		HideSolutionNode = FALSE
	EndGlobalSection
	GlobalSection(ExtensibilityGlobals) = postSolution
		SolutionGuid = {65F19BEA-F6F2-44FF-90EE-2493C744876E}
	EndGlobalSection
EndGlobal
